
Microsoft Visual Studio Solution File, Format Version 12.00
# Visual Studio 15
Project("{FAE04EC0-301F-11D3-BF4B-00C04F79EFBC}") = "Assembly-CSharp", "Assembly-CSharp.csproj", "{931ED838-B6D8-56F4-6426-5C33FE573413}"
EndProject
Project("{FAE04EC0-301F-11D3-BF4B-00C04F79EFBC}") = "Assembly-CSharp-Editor", "Assembly-CSharp-Editor.csproj", "{FAD48056-3B1C-E5B3-0728-B6C63FA69A25}"
EndProject
Global
	GlobalSection(SolutionConfigurationPlatforms) = preSolution
		Debug|Any CPU = Debug|Any CPU
		Release|Any CPU = Release|Any CPU
	EndGlobalSection
	GlobalSection(ProjectConfigurationPlatforms) = postSolution
		{931ED838-B6D8-56F4-6426-5C33FE573413}.Debug|Any CPU.ActiveCfg = Debug|Any CPU
		{931ED838-B6D8-56F4-6426-5C33FE573413}.Debug|Any CPU.Build.0 = Debug|Any CPU
		{931ED838-B6D8-56F4-6426-5C33FE573413}.Release|Any CPU.ActiveCfg = Release|Any CPU
		{931ED838-B6D8-56F4-6426-5C33FE573413}.Release|Any CPU.Build.0 = Release|Any CPU
		{FAD48056-3B1C-E5B3-0728-B6C63FA69A25}.Debug|Any CPU.ActiveCfg = Debug|Any CPU
		{FAD48056-3B1C-E5B3-0728-B6C63FA69A25}.Debug|Any CPU.Build.0 = Debug|Any CPU
		{FAD48056-3B1C-E5B3-0728-B6C63FA69A25}.Release|Any CPU.ActiveCfg = Release|Any CPU
		{FAD48056-3B1C-E5B3-0728-B6C63FA69A25}.Release|Any CPU.Build.0 = Release|Any CPU
	EndGlobalSection
	GlobalSection(SolutionProperties) = preSolution
		HideSolutionNode = FALSE
	EndGlobalSection
EndGlobal
